
Microsoft Visual Studio Solution File, Format Version 12.00
# Visual Studio Version 17
VisualStudioVersion = 17.0.32112.339
MinimumVisualStudioVersion = 10.0.40219.1
Project("{FAE04EC0-301F-11D3-BF4B-00C04F79EFBC}") = "Zadacha01", "Zadacha01\Zadacha01.csproj", "{0C1C6F78-7D48-40EE-8EB1-6E234059F7A0}"
EndProject
Project("{FAE04EC0-301F-11D3-BF4B-00C04F79EFBC}") = "Zadacha02", "Zadacha02\Zadacha02.csproj", "{2429B9F5-5F6E-4747-B30D-9348350A8470}"
EndProject
Project("{FAE04EC0-301F-11D3-BF4B-00C04F79EFBC}") = "Zadacha03", "Zadacha03\Zadacha03.csproj", "{7625A78C-4C7D-47D8-8BEC-A8D04229333C}"
EndProject
Global
	GlobalSection(SolutionConfigurationPlatforms) = preSolution
		Debug|Any CPU = Debug|Any CPU
		Release|Any CPU = Release|Any CPU
	EndGlobalSection
	GlobalSection(ProjectConfigurationPlatforms) = postSolution
		{0C1C6F78-7D48-40EE-8EB1-6E234059F7A0}.Debug|Any CPU.ActiveCfg = Debug|Any CPU
		{0C1C6F78-7D48-40EE-8EB1-6E234059F7A0}.Debug|Any CPU.Build.0 = Debug|Any CPU
		{0C1C6F78-7D48-40EE-8EB1-6E234059F7A0}.Release|Any CPU.ActiveCfg = Release|Any CPU
		{0C1C6F78-7D48-40EE-8EB1-6E234059F7A0}.Release|Any CPU.Build.0 = Release|Any CPU
		{2429B9F5-5F6E-4747-B30D-9348350A8470}.Debug|Any CPU.ActiveCfg = Debug|Any CPU
		{2429B9F5-5F6E-4747-B30D-9348350A8470}.Debug|Any CPU.Build.0 = Debug|Any CPU
		{2429B9F5-5F6E-4747-B30D-9348350A8470}.Release|Any CPU.ActiveCfg = Release|Any CPU
		{2429B9F5-5F6E-4747-B30D-9348350A8470}.Release|Any CPU.Build.0 = Release|Any CPU
		{7625A78C-4C7D-47D8-8BEC-A8D04229333C}.Debug|Any CPU.ActiveCfg = Debug|Any CPU
		{7625A78C-4C7D-47D8-8BEC-A8D04229333C}.Debug|Any CPU.Build.0 = Debug|Any CPU
		{7625A78C-4C7D-47D8-8BEC-A8D04229333C}.Release|Any CPU.ActiveCfg = Release|Any CPU
		{7625A78C-4C7D-47D8-8BEC-A8D04229333C}.Release|Any CPU.Build.0 = Release|Any CPU
	EndGlobalSection
	GlobalSection(SolutionProperties) = preSolution
		HideSolutionNode = FALSE
	EndGlobalSection
	GlobalSection(ExtensibilityGlobals) = postSolution
		SolutionGuid = {C246CDBA-578C-4777-8CED-A064C6AB9071}
	EndGlobalSection
EndGlobal
