
Microsoft Visual Studio Solution File, Format Version 12.00
# Visual Studio Version 16
VisualStudioVersion = 16.0.31229.75
MinimumVisualStudioVersion = 10.0.40219.1
Project("{FAE04EC0-301F-11D3-BF4B-00C04F79EFBC}") = "HelloSoftUni", "HelloSoftUni\HelloSoftUni.csproj", "{760723C0-2DD9-4BB2-8B7E-198E02E279E8}"
EndProject
Project("{FAE04EC0-301F-11D3-BF4B-00C04F79EFBC}") = "Expression", "Expression\Expression.csproj", "{06276503-26B0-40EC-9FA0-04C16FC0753D}"
EndProject
Project("{FAE04EC0-301F-11D3-BF4B-00C04F79EFBC}") = "Nums1To20", "Nums1To20\Nums1To20.csproj", "{B13FEE9D-C106-4AD0-946E-DF6840F022D2}"
EndProject
Project("{FAE04EC0-301F-11D3-BF4B-00C04F79EFBC}") = "TriangleOf55Stars", "TriangleOf55Stars\TriangleOf55Stars.csproj", "{8B39A8D9-AF88-4FA4-83A1-2C6930789659}"
EndProject
Project("{FAE04EC0-301F-11D3-BF4B-00C04F79EFBC}") = "RectangleSquare", "RectangleSquare\RectangleSquare.csproj", "{65E6BEC1-F8F7-45DB-A5A2-14C4A06DB136}"
EndProject
Global
	GlobalSection(SolutionConfigurationPlatforms) = preSolution
		Debug|Any CPU = Debug|Any CPU
		Release|Any CPU = Release|Any CPU
	EndGlobalSection
	GlobalSection(ProjectConfigurationPlatforms) = postSolution
		{760723C0-2DD9-4BB2-8B7E-198E02E279E8}.Debug|Any CPU.ActiveCfg = Debug|Any CPU
		{760723C0-2DD9-4BB2-8B7E-198E02E279E8}.Debug|Any CPU.Build.0 = Debug|Any CPU
		{760723C0-2DD9-4BB2-8B7E-198E02E279E8}.Release|Any CPU.ActiveCfg = Release|Any CPU
		{760723C0-2DD9-4BB2-8B7E-198E02E279E8}.Release|Any CPU.Build.0 = Release|Any CPU
		{06276503-26B0-40EC-9FA0-04C16FC0753D}.Debug|Any CPU.ActiveCfg = Debug|Any CPU
		{06276503-26B0-40EC-9FA0-04C16FC0753D}.Debug|Any CPU.Build.0 = Debug|Any CPU
		{06276503-26B0-40EC-9FA0-04C16FC0753D}.Release|Any CPU.ActiveCfg = Release|Any CPU
		{06276503-26B0-40EC-9FA0-04C16FC0753D}.Release|Any CPU.Build.0 = Release|Any CPU
		{B13FEE9D-C106-4AD0-946E-DF6840F022D2}.Debug|Any CPU.ActiveCfg = Debug|Any CPU
		{B13FEE9D-C106-4AD0-946E-DF6840F022D2}.Debug|Any CPU.Build.0 = Debug|Any CPU
		{B13FEE9D-C106-4AD0-946E-DF6840F022D2}.Release|Any CPU.ActiveCfg = Release|Any CPU
		{B13FEE9D-C106-4AD0-946E-DF6840F022D2}.Release|Any CPU.Build.0 = Release|Any CPU
		{8B39A8D9-AF88-4FA4-83A1-2C6930789659}.Debug|Any CPU.ActiveCfg = Debug|Any CPU
		{8B39A8D9-AF88-4FA4-83A1-2C6930789659}.Debug|Any CPU.Build.0 = Debug|Any CPU
		{8B39A8D9-AF88-4FA4-83A1-2C6930789659}.Release|Any CPU.ActiveCfg = Release|Any CPU
		{8B39A8D9-AF88-4FA4-83A1-2C6930789659}.Release|Any CPU.Build.0 = Release|Any CPU
		{65E6BEC1-F8F7-45DB-A5A2-14C4A06DB136}.Debug|Any CPU.ActiveCfg = Debug|Any CPU
		{65E6BEC1-F8F7-45DB-A5A2-14C4A06DB136}.Debug|Any CPU.Build.0 = Debug|Any CPU
		{65E6BEC1-F8F7-45DB-A5A2-14C4A06DB136}.Release|Any CPU.ActiveCfg = Release|Any CPU
		{65E6BEC1-F8F7-45DB-A5A2-14C4A06DB136}.Release|Any CPU.Build.0 = Release|Any CPU
	EndGlobalSection
	GlobalSection(SolutionProperties) = preSolution
		HideSolutionNode = FALSE
	EndGlobalSection
	GlobalSection(ExtensibilityGlobals) = postSolution
		SolutionGuid = {CF84F76C-6345-42D5-9251-17D1D747D4EE}
	EndGlobalSection
EndGlobal
