
Microsoft Visual Studio Solution File, Format Version 12.00
# Visual Studio Version 17
VisualStudioVersion = 17.2.32616.157
MinimumVisualStudioVersion = 10.0.40219.1
Project("{FAE04EC0-301F-11D3-BF4B-00C04F79EFBC}") = "ConsoleMVC", "ConsoleMVC\ConsoleMVC.csproj", "{11DCA863-BE89-4C42-9746-2BF6F110B5BA}"
EndProject
Global
	GlobalSection(SolutionConfigurationPlatforms) = preSolution
		Debug|Any CPU = Debug|Any CPU
		Release|Any CPU = Release|Any CPU
	EndGlobalSection
	GlobalSection(ProjectConfigurationPlatforms) = postSolution
		{11DCA863-BE89-4C42-9746-2BF6F110B5BA}.Debug|Any CPU.ActiveCfg = Debug|Any CPU
		{11DCA863-BE89-4C42-9746-2BF6F110B5BA}.Debug|Any CPU.Build.0 = Debug|Any CPU
		{11DCA863-BE89-4C42-9746-2BF6F110B5BA}.Release|Any CPU.ActiveCfg = Release|Any CPU
		{11DCA863-BE89-4C42-9746-2BF6F110B5BA}.Release|Any CPU.Build.0 = Release|Any CPU
	EndGlobalSection
	GlobalSection(SolutionProperties) = preSolution
		HideSolutionNode = FALSE
	EndGlobalSection
	GlobalSection(ExtensibilityGlobals) = postSolution
		SolutionGuid = {57EDB095-092E-41F1-B6AE-34A2CE120265}
	EndGlobalSection
EndGlobal
