
Microsoft Visual Studio Solution File, Format Version 12.00
# Visual Studio Version 17
VisualStudioVersion = 17.2.32616.157
MinimumVisualStudioVersion = 10.0.40219.1
Project("{FAE04EC0-301F-11D3-BF4B-00C04F79EFBC}") = "Zadacha01", "Zadacha01\Zadacha01.csproj", "{8722BA15-7666-453C-9A5A-7A4BE55F8F1A}"
EndProject
Global
	GlobalSection(SolutionConfigurationPlatforms) = preSolution
		Debug|Any CPU = Debug|Any CPU
		Release|Any CPU = Release|Any CPU
	EndGlobalSection
	GlobalSection(ProjectConfigurationPlatforms) = postSolution
		{8722BA15-7666-453C-9A5A-7A4BE55F8F1A}.Debug|Any CPU.ActiveCfg = Debug|Any CPU
		{8722BA15-7666-453C-9A5A-7A4BE55F8F1A}.Debug|Any CPU.Build.0 = Debug|Any CPU
		{8722BA15-7666-453C-9A5A-7A4BE55F8F1A}.Release|Any CPU.ActiveCfg = Release|Any CPU
		{8722BA15-7666-453C-9A5A-7A4BE55F8F1A}.Release|Any CPU.Build.0 = Release|Any CPU
	EndGlobalSection
	GlobalSection(SolutionProperties) = preSolution
		HideSolutionNode = FALSE
	EndGlobalSection
	GlobalSection(ExtensibilityGlobals) = postSolution
		SolutionGuid = {9D8CDF79-6EE9-42B0-95DE-EF94BC5E7C74}
	EndGlobalSection
EndGlobal
